
Microsoft Visual Studio Solution File, Format Version 12.00
# Visual Studio Version 16
VisualStudioVersion = 16.0.31613.86
MinimumVisualStudioVersion = 10.0.40219.1
Project("{FAE04EC0-301F-11D3-BF4B-00C04F79EFBC}") = "GetNameAndSaying", "GetNameAndSaying\GetNameAndSaying.csproj", "{84695F62-F914-4BB5-9157-5B624822929B}"
EndProject
Global
	GlobalSection(SolutionConfigurationPlatforms) = preSolution
		Debug|Any CPU = Debug|Any CPU
		Release|Any CPU = Release|Any CPU
	EndGlobalSection
	GlobalSection(ProjectConfigurationPlatforms) = postSolution
		{84695F62-F914-4BB5-9157-5B624822929B}.Debug|Any CPU.ActiveCfg = Debug|Any CPU
		{84695F62-F914-4BB5-9157-5B624822929B}.Debug|Any CPU.Build.0 = Debug|Any CPU
		{84695F62-F914-4BB5-9157-5B624822929B}.Release|Any CPU.ActiveCfg = Release|Any CPU
		{84695F62-F914-4BB5-9157-5B624822929B}.Release|Any CPU.Build.0 = Release|Any CPU
	EndGlobalSection
	GlobalSection(SolutionProperties) = preSolution
		HideSolutionNode = FALSE
	EndGlobalSection
	GlobalSection(ExtensibilityGlobals) = postSolution
		SolutionGuid = {32E88F03-FEA7-4216-B1D6-E5FE2CA5E3DE}
	EndGlobalSection
EndGlobal
