
Microsoft Visual Studio Solution File, Format Version 12.00
# Visual Studio Version 16
VisualStudioVersion = 16.0.31613.86
MinimumVisualStudioVersion = 10.0.40219.1
Project("{FAE04EC0-301F-11D3-BF4B-00C04F79EFBC}") = "FizzBuzz", "FizzBuzz\FizzBuzz.csproj", "{A11275E6-87E5-4069-9234-385209AA6353}"
EndProject
Global
	GlobalSection(SolutionConfigurationPlatforms) = preSolution
		Debug|Any CPU = Debug|Any CPU
		Release|Any CPU = Release|Any CPU
	EndGlobalSection
	GlobalSection(ProjectConfigurationPlatforms) = postSolution
		{A11275E6-87E5-4069-9234-385209AA6353}.Debug|Any CPU.ActiveCfg = Debug|Any CPU
		{A11275E6-87E5-4069-9234-385209AA6353}.Debug|Any CPU.Build.0 = Debug|Any CPU
		{A11275E6-87E5-4069-9234-385209AA6353}.Release|Any CPU.ActiveCfg = Release|Any CPU
		{A11275E6-87E5-4069-9234-385209AA6353}.Release|Any CPU.Build.0 = Release|Any CPU
	EndGlobalSection
	GlobalSection(SolutionProperties) = preSolution
		HideSolutionNode = FALSE
	EndGlobalSection
	GlobalSection(ExtensibilityGlobals) = postSolution
		SolutionGuid = {48388DF5-3536-4348-BAB2-B5BE36496828}
	EndGlobalSection
EndGlobal
