
Microsoft Visual Studio Solution File, Format Version 12.00
# Visual Studio Version 16
VisualStudioVersion = 16.0.31613.86
MinimumVisualStudioVersion = 10.0.40219.1
Project("{FAE04EC0-301F-11D3-BF4B-00C04F79EFBC}") = "SamuariApp.Domain", "SamuariApp.Domain\SamuariApp.Domain.csproj", "{F1EC5E92-6929-4FD8-AAE5-D9624608365E}"
EndProject
Project("{FAE04EC0-301F-11D3-BF4B-00C04F79EFBC}") = "SamauriApp.Data", "SamauriApp.Data\SamauriApp.Data.csproj", "{D23C2FF3-4F3A-481A-B6AB-D8A6A52A21E4}"
EndProject
Project("{FAE04EC0-301F-11D3-BF4B-00C04F79EFBC}") = "SamuariApp.UI", "SamuariApp.UI\SamuariApp.UI.csproj", "{98418973-7AC2-42AB-8614-60EFE878764D}"
EndProject
Global
	GlobalSection(SolutionConfigurationPlatforms) = preSolution
		Debug|Any CPU = Debug|Any CPU
		Release|Any CPU = Release|Any CPU
	EndGlobalSection
	GlobalSection(ProjectConfigurationPlatforms) = postSolution
		{F1EC5E92-6929-4FD8-AAE5-D9624608365E}.Debug|Any CPU.ActiveCfg = Debug|Any CPU
		{F1EC5E92-6929-4FD8-AAE5-D9624608365E}.Debug|Any CPU.Build.0 = Debug|Any CPU
		{F1EC5E92-6929-4FD8-AAE5-D9624608365E}.Release|Any CPU.ActiveCfg = Release|Any CPU
		{F1EC5E92-6929-4FD8-AAE5-D9624608365E}.Release|Any CPU.Build.0 = Release|Any CPU
		{D23C2FF3-4F3A-481A-B6AB-D8A6A52A21E4}.Debug|Any CPU.ActiveCfg = Debug|Any CPU
		{D23C2FF3-4F3A-481A-B6AB-D8A6A52A21E4}.Debug|Any CPU.Build.0 = Debug|Any CPU
		{D23C2FF3-4F3A-481A-B6AB-D8A6A52A21E4}.Release|Any CPU.ActiveCfg = Release|Any CPU
		{D23C2FF3-4F3A-481A-B6AB-D8A6A52A21E4}.Release|Any CPU.Build.0 = Release|Any CPU
		{98418973-7AC2-42AB-8614-60EFE878764D}.Debug|Any CPU.ActiveCfg = Debug|Any CPU
		{98418973-7AC2-42AB-8614-60EFE878764D}.Debug|Any CPU.Build.0 = Debug|Any CPU
		{98418973-7AC2-42AB-8614-60EFE878764D}.Release|Any CPU.ActiveCfg = Release|Any CPU
		{98418973-7AC2-42AB-8614-60EFE878764D}.Release|Any CPU.Build.0 = Release|Any CPU
	EndGlobalSection
	GlobalSection(SolutionProperties) = preSolution
		HideSolutionNode = FALSE
	EndGlobalSection
	GlobalSection(ExtensibilityGlobals) = postSolution
		SolutionGuid = {DB52B327-6E50-4452-BB65-EA685BD4F308}
	EndGlobalSection
EndGlobal
